{
  "version": "3",
  "packages": {
    "specifiers": {
      "jsr:@deno/gfm@^0.9.0": "jsr:@deno/gfm@0.9.0",
      "jsr:@denosaurs/emoji@0.3": "jsr:@denosaurs/emoji@0.3.1",
      "jsr:@std/cli@^1.0.6": "jsr:@std/cli@1.0.6",
      "jsr:@std/encoding@^1.0.5": "jsr:@std/encoding@1.0.5",
      "jsr:@std/fmt@^1.0.2": "jsr:@std/fmt@1.0.2",
      "jsr:@std/http@^1.0.6": "jsr:@std/http@1.0.6",
      "jsr:@std/media-types@^1.0.3": "jsr:@std/media-types@1.0.3",
      "jsr:@std/net@^1.0.3": "jsr:@std/net@1.0.4",
      "jsr:@std/path@^1.0.5": "jsr:@std/path@1.0.6",
      "jsr:@std/streams@^1.0.5": "jsr:@std/streams@1.0.5",
      "npm:github-slugger@^2.0": "npm:github-slugger@2.0.0",
      "npm:he@^1.2": "npm:he@1.2.0",
      "npm:katex@^0.16": "npm:katex@0.16.9",
      "npm:marked-alert@^2.0": "npm:marked-alert@2.0.1_marked@12.0.1",
      "npm:marked-footnote@^1.2": "npm:marked-footnote@1.2.2_marked@12.0.1",
      "npm:marked-gfm-heading-id@^3.1": "npm:marked-gfm-heading-id@3.1.3_marked@12.0.1",
      "npm:marked@^12": "npm:marked@12.0.1",
      "npm:prismjs@^1.29": "npm:prismjs@1.29.0",
      "npm:sanitize-html@^2.11": "npm:sanitize-html@2.12.1"
    },
    "jsr": {
      "@deno/gfm@0.9.0": {
        "integrity": "9002dbdb6e382e247509edfeae3afdb9232f5ca98a8210ef186d42084e9ded30",
        "dependencies": [
          "jsr:@denosaurs/emoji@0.3",
          "npm:github-slugger@^2.0",
          "npm:he@^1.2",
          "npm:katex@^0.16",
          "npm:marked-alert@^2.0",
          "npm:marked-footnote@^1.2",
          "npm:marked-gfm-heading-id@^3.1",
          "npm:marked@^12",
          "npm:prismjs@^1.29",
          "npm:sanitize-html@^2.11"
        ]
      },
      "@denosaurs/emoji@0.3.1": {
        "integrity": "b0aed5f55dec99e83da7c9637fe0a36d1d6252b7c99deaaa3fc5dea3fcf3da8b"
      },
      "@std/cli@1.0.6": {
        "integrity": "d22d8b38c66c666d7ad1f2a66c5b122da1704f985d3c47f01129f05abb6c5d3d"
      },
      "@std/encoding@1.0.5": {
        "integrity": "ecf363d4fc25bd85bd915ff6733a7e79b67e0e7806334af15f4645c569fefc04"
      },
      "@std/fmt@1.0.2": {
        "integrity": "87e9dfcdd3ca7c066e0c3c657c1f987c82888eb8103a3a3baa62684ffeb0f7a7"
      },
      "@std/http@1.0.6": {
        "integrity": "20a6f3fa4a914fbb19ea96572f2519b656232597092581ed706cd865d842d0d0",
        "dependencies": [
          "jsr:@std/cli@^1.0.6",
          "jsr:@std/encoding@^1.0.5",
          "jsr:@std/fmt@^1.0.2",
          "jsr:@std/media-types@^1.0.3",
          "jsr:@std/net@^1.0.3",
          "jsr:@std/path@^1.0.5",
          "jsr:@std/streams@^1.0.5"
        ]
      },
      "@std/media-types@1.0.3": {
        "integrity": "b12d30a7852f7578f4d210622df713bbfd1cbdd9b4ec2eaf5c1845ab70bab159"
      },
      "@std/net@1.0.4": {
        "integrity": "2f403b455ebbccf83d8a027d29c5a9e3a2452fea39bb2da7f2c04af09c8bc852"
      },
      "@std/path@1.0.6": {
        "integrity": "ab2c55f902b380cf28e0eec501b4906e4c1960d13f00e11cfbcd21de15f18fed"
      },
      "@std/streams@1.0.5": {
        "integrity": "74e5c73d7d68eeab0d7fba3b05cbee3ba4ac5ae37c5f4e675f67e62f8f53edc4"
      }
    },
    "npm": {
      "commander@8.3.0": {
        "integrity": "sha512-OkTL9umf+He2DZkUq8f8J9of7yL6RJKI24dVITBmNfZBmri9zYZQrKkuXiKhyfPSu8tUhnVBB1iKXevvnlR4Ww==",
        "dependencies": {}
      },
      "deepmerge@4.3.1": {
        "integrity": "sha512-3sUqbMEc77XqpdNO7FRyRog+eW3ph+GYCbj+rK+uYyRMuwsVy0rMiVtPn+QJlKFvWP/1PYpapqYn0Me2knFn+A==",
        "dependencies": {}
      },
      "dom-serializer@2.0.0": {
        "integrity": "sha512-wIkAryiqt/nV5EQKqQpo3SToSOV9J0DnbJqwK7Wv/Trc92zIAYZ4FlMu+JPFW1DfGFt81ZTCGgDEabffXeLyJg==",
        "dependencies": {
          "domelementtype": "domelementtype@2.3.0",
          "domhandler": "domhandler@5.0.3",
          "entities": "entities@4.5.0"
        }
      },
      "domelementtype@2.3.0": {
        "integrity": "sha512-OLETBj6w0OsagBwdXnPdN0cnMfF9opN69co+7ZrbfPGrdpPVNBUj02spi6B1N7wChLQiPn4CSH/zJvXw56gmHw==",
        "dependencies": {}
      },
      "domhandler@5.0.3": {
        "integrity": "sha512-cgwlv/1iFQiFnU96XXgROh8xTeetsnJiDsTc7TYCLFd9+/WNkIqPTxiM/8pSd8VIrhXGTf1Ny1q1hquVqDJB5w==",
        "dependencies": {
          "domelementtype": "domelementtype@2.3.0"
        }
      },
      "domutils@3.1.0": {
        "integrity": "sha512-H78uMmQtI2AhgDJjWeQmHwJJ2bLPD3GMmO7Zja/ZZh84wkm+4ut+IUnUdRa8uCGX88DiVx1j6FRe1XfxEgjEZA==",
        "dependencies": {
          "dom-serializer": "dom-serializer@2.0.0",
          "domelementtype": "domelementtype@2.3.0",
          "domhandler": "domhandler@5.0.3"
        }
      },
      "entities@4.5.0": {
        "integrity": "sha512-V0hjH4dGPh9Ao5p0MoRY6BVqtwCjhz6vI5LT8AJ55H+4g9/4vbHx1I54fS0XuclLhDHArPQCiMjDxjaL8fPxhw==",
        "dependencies": {}
      },
      "escape-string-regexp@4.0.0": {
        "integrity": "sha512-TtpcNJ3XAzx3Gq8sWRzJaVajRs0uVxA2YAkdb1jm2YkPz4G6egUFAyA3n5vtEIZefPk5Wa4UXbKuS5fKkJWdgA==",
        "dependencies": {}
      },
      "github-slugger@2.0.0": {
        "integrity": "sha512-IaOQ9puYtjrkq7Y0Ygl9KDZnrf/aiUJYUpVf89y8kyaxbRG7Y1SrX/jaumrv81vc61+kiMempujsM3Yw7w5qcw==",
        "dependencies": {}
      },
      "he@1.2.0": {
        "integrity": "sha512-F/1DnUGPopORZi0ni+CvrCgHQ5FyEAHRLSApuYWMmrbSwoN2Mn/7k+Gl38gJnR7yyDZk6WLXwiGod1JOWNDKGw==",
        "dependencies": {}
      },
      "htmlparser2@8.0.2": {
        "integrity": "sha512-GYdjWKDkbRLkZ5geuHs5NY1puJ+PXwP7+fHPRz06Eirsb9ugf6d8kkXav6ADhcODhFFPMIXyxkxSuMf3D6NCFA==",
        "dependencies": {
          "domelementtype": "domelementtype@2.3.0",
          "domhandler": "domhandler@5.0.3",
          "domutils": "domutils@3.1.0",
          "entities": "entities@4.5.0"
        }
      },
      "is-plain-object@5.0.0": {
        "integrity": "sha512-VRSzKkbMm5jMDoKLbltAkFQ5Qr7VDiTFGXxYFXXowVj387GeGNOCsOH6Msy00SGZ3Fp84b1Naa1psqgcCIEP5Q==",
        "dependencies": {}
      },
      "katex@0.16.9": {
        "integrity": "sha512-fsSYjWS0EEOwvy81j3vRA8TEAhQhKiqO+FQaKWp0m39qwOzHVBgAUBIXWj1pB+O2W3fIpNa6Y9KSKCVbfPhyAQ==",
        "dependencies": {
          "commander": "commander@8.3.0"
        }
      },
      "marked-alert@2.0.1_marked@12.0.1": {
        "integrity": "sha512-dREhBjpPEN87b5AdlpETVoEpYiROQJ2M01sqjvQetKqpfi92BQRfSFKPIEkm90RnMpv5CFLNpWfGO6bx+tnayQ==",
        "dependencies": {
          "marked": "marked@12.0.1"
        }
      },
      "marked-footnote@1.2.2_marked@12.0.1": {
        "integrity": "sha512-TFBEHwHLSSedub7P6XHHs+dMMOnDeNV5+kFDo4trU//gDd8iM57lg9jr9NGwDifPwLllHwKmFcRNp5uYvO2Fnw==",
        "dependencies": {
          "marked": "marked@12.0.1"
        }
      },
      "marked-gfm-heading-id@3.1.3_marked@12.0.1": {
        "integrity": "sha512-A0cRU4PCueX/5m8VE4mT8uTQ36l3xMYRojz3Eqnk4BmUFZ0T+9Xhn2KvHcANP4qbhfOeuMrWJCTQbASIBR5xeg==",
        "dependencies": {
          "github-slugger": "github-slugger@2.0.0",
          "marked": "marked@12.0.1"
        }
      },
      "marked@12.0.1": {
        "integrity": "sha512-Y1/V2yafOcOdWQCX0XpAKXzDakPOpn6U0YLxTJs3cww6VxOzZV1BTOOYWLvH3gX38cq+iLwljHHTnMtlDfg01Q==",
        "dependencies": {}
      },
      "nanoid@3.3.7": {
        "integrity": "sha512-eSRppjcPIatRIMC1U6UngP8XFcz8MQWGQdt1MTBQ7NaAmvXDfvNxbvWV3x2y6CdEUciCSsDHDQZbhYaB8QEo2g==",
        "dependencies": {}
      },
      "parse-srcset@1.0.2": {
        "integrity": "sha512-/2qh0lav6CmI15FzA3i/2Bzk2zCgQhGMkvhOhKNcBVQ1ldgpbfiNTVslmooUmWJcADi1f1kIeynbDRVzNlfR6Q==",
        "dependencies": {}
      },
      "picocolors@1.0.1": {
        "integrity": "sha512-anP1Z8qwhkbmu7MFP5iTt+wQKXgwzf7zTyGlcdzabySa9vd0Xt392U0rVmz9poOaBj0uHJKyyo9/upk0HrEQew==",
        "dependencies": {}
      },
      "postcss@8.4.38": {
        "integrity": "sha512-Wglpdk03BSfXkHoQa3b/oulrotAkwrlLDRSOb9D0bN86FdRyE9lppSp33aHNPgBa0JKCoB+drFLZkQoRRYae5A==",
        "dependencies": {
          "nanoid": "nanoid@3.3.7",
          "picocolors": "picocolors@1.0.1",
          "source-map-js": "source-map-js@1.2.0"
        }
      },
      "prismjs@1.29.0": {
        "integrity": "sha512-Kx/1w86q/epKcmte75LNrEoT+lX8pBpavuAbvJWRXar7Hz8jrtF+e3vY751p0R8H9HdArwaCTNDDzHg/ScJK1Q==",
        "dependencies": {}
      },
      "sanitize-html@2.12.1": {
        "integrity": "sha512-Plh+JAn0UVDpBRP/xEjsk+xDCoOvMBwQUf/K+/cBAVuTbtX8bj2VB7S1sL1dssVpykqp0/KPSesHrqXtokVBpA==",
        "dependencies": {
          "deepmerge": "deepmerge@4.3.1",
          "escape-string-regexp": "escape-string-regexp@4.0.0",
          "htmlparser2": "htmlparser2@8.0.2",
          "is-plain-object": "is-plain-object@5.0.0",
          "parse-srcset": "parse-srcset@1.0.2",
          "postcss": "postcss@8.4.38"
        }
      },
      "source-map-js@1.2.0": {
        "integrity": "sha512-itJW8lvSA0TXEphiRoawsCksnlf8SyvmFzIhltqAHluXd88pkCd+cXJVHTDwdCr0IzwptSm035IHQktUu1QUMg==",
        "dependencies": {}
      }
    }
  },
  "remote": {},
  "workspace": {
    "dependencies": [
      "jsr:@deno/gfm@^0.9.0",
      "jsr:@std/http@^1.0.6"
    ]
  }
}
